
Microsoft Visual Studio Solution File, Format Version 12.00
# Visual Studio Version 17
VisualStudioVersion = 17.7.33711.374
MinimumVisualStudioVersion = 10.0.40219.1
Project("{9A19103F-16F7-4668-BE54-9A1E7A4F7556}") = "AdvancedAsync.API", "AdvancedAsync.API\AdvancedAsync.API.csproj", "{11112B9F-FB10-4FCE-8F5E-DB3F2E3FEDF1}"
EndProject
Project("{2150E333-8FDC-42A3-9474-1A3956D46DE8}") = "Solution Items", "Solution Items", "{52C75480-9402-49BA-A9DE-1C214C4039C4}"
	ProjectSection(SolutionItems) = preProject
		README.md = README.md
		SetupSQL.sql = SetupSQL.sql
		SQLTestQueries.sql = SQLTestQueries.sql
	EndProjectSection
EndProject
Global
	GlobalSection(SolutionConfigurationPlatforms) = preSolution
		Debug|Any CPU = Debug|Any CPU
		Release|Any CPU = Release|Any CPU
	EndGlobalSection
	GlobalSection(ProjectConfigurationPlatforms) = postSolution
		{11112B9F-FB10-4FCE-8F5E-DB3F2E3FEDF1}.Debug|Any CPU.ActiveCfg = Debug|Any CPU
		{11112B9F-FB10-4FCE-8F5E-DB3F2E3FEDF1}.Debug|Any CPU.Build.0 = Debug|Any CPU
		{11112B9F-FB10-4FCE-8F5E-DB3F2E3FEDF1}.Release|Any CPU.ActiveCfg = Release|Any CPU
		{11112B9F-FB10-4FCE-8F5E-DB3F2E3FEDF1}.Release|Any CPU.Build.0 = Release|Any CPU
	EndGlobalSection
	GlobalSection(SolutionProperties) = preSolution
		HideSolutionNode = FALSE
	EndGlobalSection
	GlobalSection(ExtensibilityGlobals) = postSolution
		SolutionGuid = {9518DB5D-ADCA-4A2D-AE55-E7CAA35620F3}
	EndGlobalSection
EndGlobal
